github.com/pingcap/errcode v0.3.0 h1:IF6LC/4+b1KNwrMlr2rBTUrojFPMexXBcDWZSpNwxjg=
github.com/pingcap/errcode v0.3.0/go.mod h1:4b2X8xSqxIroj/IZ9MX/VGZhAwc11wB9wRIzHvz6SeM=
github.com/pingcap/errors v0.11.4 h1:lFuQV/oaUMGcD2tqt+01ROSmJs75VG1ToEOkZIZ4nE4=
github.com/pingcap/errors v0.11.4/go.mod h1:Oi8TUi2kEtXXLMJk9l1cGmz20kV3TaQ0usTwv5KuLY8=
